
Microsoft Visual Studio Solution File, Format Version 12.00
# Visual Studio 15
VisualStudioVersion = 15.0.28307.645
MinimumVisualStudioVersion = 10.0.40219.1
Project("{8BC9CEB8-8B4A-11D0-8D11-00A0C91BC942}") = "TestProject", "TestProject\TestProject.vcxproj", "{D6C9BF7B-0EA3-40FC-8CEA-88BBF5AC3303}"
EndProject
Global
	GlobalSection(SolutionConfigurationPlatforms) = preSolution
		Debug|x64 = Debug|x64
		Debug|x86 = Debug|x86
		Release|x64 = Release|x64
		Release|x86 = Release|x86
	EndGlobalSection
	GlobalSection(ProjectConfigurationPlatforms) = postSolution
		{D6C9BF7B-0EA3-40FC-8CEA-88BBF5AC3303}.Debug|x64.ActiveCfg = Debug|x64
		{D6C9BF7B-0EA3-40FC-8CEA-88BBF5AC3303}.Debug|x64.Build.0 = Debug|x64
		{D6C9BF7B-0EA3-40FC-8CEA-88BBF5AC3303}.Debug|x86.ActiveCfg = Debug|Win32
		{D6C9BF7B-0EA3-40FC-8CEA-88BBF5AC3303}.Debug|x86.Build.0 = Debug|Win32
		{D6C9BF7B-0EA3-40FC-8CEA-88BBF5AC3303}.Release|x64.ActiveCfg = Release|x64
		{D6C9BF7B-0EA3-40FC-8CEA-88BBF5AC3303}.Release|x64.Build.0 = Release|x64
		{D6C9BF7B-0EA3-40FC-8CEA-88BBF5AC3303}.Release|x86.ActiveCfg = Release|Win32
		{D6C9BF7B-0EA3-40FC-8CEA-88BBF5AC3303}.Release|x86.Build.0 = Release|Win32
	EndGlobalSection
	GlobalSection(SolutionProperties) = preSolution
		HideSolutionNode = FALSE
	EndGlobalSection
	GlobalSection(ExtensibilityGlobals) = postSolution
		SolutionGuid = {8EA2F134-341C-4018-91EA-A877F52DDC4D}
	EndGlobalSection
EndGlobal
